
Microsoft Visual Studio Solution File, Format Version 12.00
# Visual Studio Version 17
VisualStudioVersion = 17.14.36429.23
MinimumVisualStudioVersion = 10.0.40219.1
Project("{FAE04EC0-301F-11D3-BF4B-00C04F79EFBC}") = "SaraGlez-ShoppingList", "SaraGlez-ShoppingList\SaraGlez-ShoppingList.csproj", "{EA7FA35B-D875-4A84-AAF2-8D720764DAA5}"
EndProject
Project("{FAE04EC0-301F-11D3-BF4B-00C04F79EFBC}") = "SaraGlez_ShoppingListTests", "SaraGlez_ShoppingListTests\SaraGlez_ShoppingListTests.csproj", "{363317EB-39B1-421A-B4C2-75F4D7BFAB1D}"
EndProject
Global
	GlobalSection(SolutionConfigurationPlatforms) = preSolution
		Debug|Any CPU = Debug|Any CPU
		Release|Any CPU = Release|Any CPU
	EndGlobalSection
	GlobalSection(ProjectConfigurationPlatforms) = postSolution
		{EA7FA35B-D875-4A84-AAF2-8D720764DAA5}.Debug|Any CPU.ActiveCfg = Debug|Any CPU
		{EA7FA35B-D875-4A84-AAF2-8D720764DAA5}.Debug|Any CPU.Build.0 = Debug|Any CPU
		{EA7FA35B-D875-4A84-AAF2-8D720764DAA5}.Release|Any CPU.ActiveCfg = Release|Any CPU
		{EA7FA35B-D875-4A84-AAF2-8D720764DAA5}.Release|Any CPU.Build.0 = Release|Any CPU
		{363317EB-39B1-421A-B4C2-75F4D7BFAB1D}.Debug|Any CPU.ActiveCfg = Debug|Any CPU
		{363317EB-39B1-421A-B4C2-75F4D7BFAB1D}.Debug|Any CPU.Build.0 = Debug|Any CPU
		{363317EB-39B1-421A-B4C2-75F4D7BFAB1D}.Release|Any CPU.ActiveCfg = Release|Any CPU
		{363317EB-39B1-421A-B4C2-75F4D7BFAB1D}.Release|Any CPU.Build.0 = Release|Any CPU
	EndGlobalSection
	GlobalSection(SolutionProperties) = preSolution
		HideSolutionNode = FALSE
	EndGlobalSection
	GlobalSection(ExtensibilityGlobals) = postSolution
		SolutionGuid = {A7FA2F4A-F9B5-4917-8AD0-0AD57A66F679}
	EndGlobalSection
EndGlobal
